
Microsoft Visual Studio Solution File, Format Version 12.00
# Visual Studio Version 17
VisualStudioVersion = 17.1.32407.343
MinimumVisualStudioVersion = 10.0.40219.1
Project("{8BC9CEB8-8B4A-11D0-8D11-00A0C91BC942}") = "CGT215Lab1", "CGT215Lab1\CGT215Lab1.vcxproj", "{E4C3F340-4A60-4961-ABDD-F3C2B1571544}"
EndProject
Global
	GlobalSection(SolutionConfigurationPlatforms) = preSolution
		Debug|x64 = Debug|x64
		Debug|x86 = Debug|x86
		Release|x64 = Release|x64
		Release|x86 = Release|x86
	EndGlobalSection
	GlobalSection(ProjectConfigurationPlatforms) = postSolution
		{E4C3F340-4A60-4961-ABDD-F3C2B1571544}.Debug|x64.ActiveCfg = Debug|x64
		{E4C3F340-4A60-4961-ABDD-F3C2B1571544}.Debug|x64.Build.0 = Debug|x64
		{E4C3F340-4A60-4961-ABDD-F3C2B1571544}.Debug|x86.ActiveCfg = Debug|Win32
		{E4C3F340-4A60-4961-ABDD-F3C2B1571544}.Debug|x86.Build.0 = Debug|Win32
		{E4C3F340-4A60-4961-ABDD-F3C2B1571544}.Release|x64.ActiveCfg = Release|x64
		{E4C3F340-4A60-4961-ABDD-F3C2B1571544}.Release|x64.Build.0 = Release|x64
		{E4C3F340-4A60-4961-ABDD-F3C2B1571544}.Release|x86.ActiveCfg = Release|Win32
		{E4C3F340-4A60-4961-ABDD-F3C2B1571544}.Release|x86.Build.0 = Release|Win32
	EndGlobalSection
	GlobalSection(SolutionProperties) = preSolution
		HideSolutionNode = FALSE
	EndGlobalSection
	GlobalSection(ExtensibilityGlobals) = postSolution
		SolutionGuid = {7EDF0231-DA02-495D-BA3D-BE0C969A3142}
	EndGlobalSection
EndGlobal
